
Microsoft Visual Studio Solution File, Format Version 12.00
# Visual Studio Version 16
VisualStudioVersion = 16.0.29609.76
MinimumVisualStudioVersion = 10.0.40219.1
Project("{FAE04EC0-301F-11D3-BF4B-00C04F79EFBC}") = "LZRStatsApi", "LZRStatsApi\LZRStatsApi.csproj", "{7E2578E2-3441-4F7D-82F5-76393D69D4E3}"
EndProject
Project("{FAE04EC0-301F-11D3-BF4B-00C04F79EFBC}") = "LZRStatsApp", "LZRStatsApp\LZRStatsApp.csproj", "{88DB9A18-0E65-4534-8395-624826A0F8D4}"
EndProject
Global
	GlobalSection(SolutionConfigurationPlatforms) = preSolution
		Debug|Any CPU = Debug|Any CPU
		Release|Any CPU = Release|Any CPU
	EndGlobalSection
	GlobalSection(ProjectConfigurationPlatforms) = postSolution
		{7E2578E2-3441-4F7D-82F5-76393D69D4E3}.Debug|Any CPU.ActiveCfg = Debug|Any CPU
		{7E2578E2-3441-4F7D-82F5-76393D69D4E3}.Debug|Any CPU.Build.0 = Debug|Any CPU
		{7E2578E2-3441-4F7D-82F5-76393D69D4E3}.Release|Any CPU.ActiveCfg = Release|Any CPU
		{7E2578E2-3441-4F7D-82F5-76393D69D4E3}.Release|Any CPU.Build.0 = Release|Any CPU
		{88DB9A18-0E65-4534-8395-624826A0F8D4}.Debug|Any CPU.ActiveCfg = Debug|Any CPU
		{88DB9A18-0E65-4534-8395-624826A0F8D4}.Debug|Any CPU.Build.0 = Debug|Any CPU
		{88DB9A18-0E65-4534-8395-624826A0F8D4}.Release|Any CPU.ActiveCfg = Release|Any CPU
		{88DB9A18-0E65-4534-8395-624826A0F8D4}.Release|Any CPU.Build.0 = Release|Any CPU
	EndGlobalSection
	GlobalSection(SolutionProperties) = preSolution
		HideSolutionNode = FALSE
	EndGlobalSection
	GlobalSection(ExtensibilityGlobals) = postSolution
		SolutionGuid = {4D918501-EAD6-49BA-8C5E-BB31F791C92E}
	EndGlobalSection
EndGlobal
